// !$*UTF8*$!
{
	archiveVersion = 1;
	classes = {
	};
	objectVersion = 46;
	objects = {

/* Begin PBXBuildFile section */
		0D0BF7D6175F4D94000FE0F9 /* MessageUI.framework in Frameworks */ = {isa = PBXBuildFile; fileRef = 0D0BF7D5175F4D94000FE0F9 /* MessageUI.framework */; };
		0D75A8D1175773B700D401DA /* UIKit.framework in Frameworks */ = {isa = PBXBuildFile; fileRef = 0D75A8D0175773B700D401DA /* UIKit.framework */; };
		0D75A8D3175773B700D401DA /* Foundation.framework in Frameworks */ = {isa = PBXBuildFile; fileRef = 0D75A8D2175773B700D401DA /* Foundation.framework */; };
		0D75A8D5175773B700D401DA /* CoreGraphics.framework in Frameworks */ = {isa = PBXBuildFile; fileRef = 0D75A8D4175773B700D401DA /* CoreGraphics.framework */; };
		0D75A8DB175773B800D401DA /* InfoPlist.strings in Resources */ = {isa = PBXBuildFile; fileRef = 0D75A8D9175773B800D401DA /* InfoPlist.strings */; };
		0D75A8E3175773B800D401DA /* Default.png in Resources */ = {isa = PBXBuildFile; fileRef = 0D75A8E2175773B800D401DA /* Default.png */; };
		0D75A8E7175773B800D401DA /* Default-568h@2x.png in Resources */ = {isa = PBXBuildFile; fileRef = 0D75A8E6175773B800D401DA /* Default-568h@2x.png */; };
		0D75A8F0175773B800D401DA /* CBMainViewController.xib in Resources */ = {isa = PBXBuildFile; fileRef = 0D75A8EE175773B800D401DA /* CBMainViewController.xib */; };
		0D75A8F3175773B800D401DA /* CBFlipsideViewController.xib in Resources */ = {isa = PBXBuildFile; fileRef = 0D75A8F1175773B800D401DA /* CBFlipsideViewController.xib */; };
		0D75F72517846B6400020675 /* bubbleMine.png in Resources */ = {isa = PBXBuildFile; fileRef = 0D75F72317846B6300020675 /* bubbleMine.png */; };
		0D75F72617846B6400020675 /* bubbleMine@2x.png in Resources */ = {isa = PBXBuildFile; fileRef = 0D75F72417846B6300020675 /* bubbleMine@2x.png */; };
		0D9CD8191780523200D03FE1 /* CBContactsViewController.m in Sources */ = {isa = PBXBuildFile; fileRef = 0D9CD8171780523200D03FE1 /* CBContactsViewController.m */; };
		0D9CD81A1780523200D03FE1 /* CBContactsViewController.xib in Resources */ = {isa = PBXBuildFile; fileRef = 0D9CD8181780523200D03FE1 /* CBContactsViewController.xib */; };
		0D9CD81E1780A5E800D03FE1 /* CBAboutViewController.m in Sources */ = {isa = PBXBuildFile; fileRef = 0D9CD81C1780A5E700D03FE1 /* CBAboutViewController.m */; };
		0D9CD81F1780A5E800D03FE1 /* CBAboutViewController.xib in Resources */ = {isa = PBXBuildFile; fileRef = 0D9CD81D1780A5E800D03FE1 /* CBAboutViewController.xib */; };
		0D9CD8211780ACEB00D03FE1 /* CodeBeamLogo_Tiny.png in Resources */ = {isa = PBXBuildFile; fileRef = 0D9CD8201780ACEB00D03FE1 /* CodeBeamLogo_Tiny.png */; };
		0D9CD86A1780B87500D03FE1 /* MKAnnotationView+WebCache.m in Sources */ = {isa = PBXBuildFile; fileRef = 0D9CD84E1780B87300D03FE1 /* MKAnnotationView+WebCache.m */; };
		0D9CD86B1780B87500D03FE1 /* NSData+GIF.m in Sources */ = {isa = PBXBuildFile; fileRef = 0D9CD8501780B87300D03FE1 /* NSData+GIF.m */; };
		0D9CD86C1780B87500D03FE1 /* SDImageCache.m in Sources */ = {isa = PBXBuildFile; fileRef = 0D9CD8521780B87300D03FE1 /* SDImageCache.m */; };
		0D9CD86D1780B87500D03FE1 /* SDWebImageCompat.m in Sources */ = {isa = PBXBuildFile; fileRef = 0D9CD8541780B87300D03FE1 /* SDWebImageCompat.m */; };
		0D9CD86E1780B87500D03FE1 /* SDWebImageDecoder.m in Sources */ = {isa = PBXBuildFile; fileRef = 0D9CD8561780B87300D03FE1 /* SDWebImageDecoder.m */; };
		0D9CD86F1780B87500D03FE1 /* SDWebImageDownloader.m in Sources */ = {isa = PBXBuildFile; fileRef = 0D9CD8581780B87300D03FE1 /* SDWebImageDownloader.m */; };
		0D9CD8701780B87500D03FE1 /* SDWebImageDownloaderOperation.m in Sources */ = {isa = PBXBuildFile; fileRef = 0D9CD85A1780B87400D03FE1 /* SDWebImageDownloaderOperation.m */; };
		0D9CD8711780B87500D03FE1 /* SDWebImageManager.m in Sources */ = {isa = PBXBuildFile; fileRef = 0D9CD85C1780B87400D03FE1 /* SDWebImageManager.m */; };
		0D9CD8721780B87500D03FE1 /* SDWebImagePrefetcher.m in Sources */ = {isa = PBXBuildFile; fileRef = 0D9CD85F1780B87400D03FE1 /* SDWebImagePrefetcher.m */; };
		0D9CD8731780B87500D03FE1 /* UIButton+WebCache.m in Sources */ = {isa = PBXBuildFile; fileRef = 0D9CD8611780B87400D03FE1 /* UIButton+WebCache.m */; };
		0D9CD8741780B87500D03FE1 /* UIImage+GIF.m in Sources */ = {isa = PBXBuildFile; fileRef = 0D9CD8631780B87400D03FE1 /* UIImage+GIF.m */; };
		0D9CD8751780B87500D03FE1 /* UIImage+MultiFormat.m in Sources */ = {isa = PBXBuildFile; fileRef = 0D9CD8651780B87500D03FE1 /* UIImage+MultiFormat.m */; };
		0D9CD8761780B87500D03FE1 /* UIImage+WebP.m in Sources */ = {isa = PBXBuildFile; fileRef = 0D9CD8671780B87500D03FE1 /* UIImage+WebP.m */; };
		0D9CD8771780B87500D03FE1 /* UIImageView+WebCache.m in Sources */ = {isa = PBXBuildFile; fileRef = 0D9CD8691780B87500D03FE1 /* UIImageView+WebCache.m */; };
		0D9CD8791780B88600D03FE1 /* ImageIO.framework in Frameworks */ = {isa = PBXBuildFile; fileRef = 0D9CD8781780B88500D03FE1 /* ImageIO.framework */; };
		0D9CD87B1780B8BE00D03FE1 /* MapKit.framework in Frameworks */ = {isa = PBXBuildFile; fileRef = 0D9CD87A1780B8BE00D03FE1 /* MapKit.framework */; };
		0D9CD87F1780CF7400D03FE1 /* logo.png in Resources */ = {isa = PBXBuildFile; fileRef = 0D9CD87E1780CF7400D03FE1 /* logo.png */; };
		0D9D0BA51757A1C500EF5D4C /* CBPictureCell.xib in Resources */ = {isa = PBXBuildFile; fileRef = 0D9D0BA41757A1C500EF5D4C /* CBPictureCell.xib */; };
		0D9D0BB517583CB200EF5D4C /* CBChatViewController.xib in Resources */ = {isa = PBXBuildFile; fileRef = 0D9D0BB317583CB200EF5D4C /* CBChatViewController.xib */; };
		0D9D0BC817583E9B00EF5D4C /* bubbleSomeone.png in Resources */ = {isa = PBXBuildFile; fileRef = 0D9D0BBE17583E9B00EF5D4C /* bubbleSomeone.png */; };
		0D9D0BC917583E9B00EF5D4C /* bubbleSomeone@2x.png in Resources */ = {isa = PBXBuildFile; fileRef = 0D9D0BBF17583E9B00EF5D4C /* bubbleSomeone@2x.png */; };
		0D9D0BCA17583E9B00EF5D4C /* missingAvatar.png in Resources */ = {isa = PBXBuildFile; fileRef = 0D9D0BC017583E9B00EF5D4C /* missingAvatar.png */; };
		0D9D0BCB17583E9B00EF5D4C /* missingAvatar@2x.png in Resources */ = {isa = PBXBuildFile; fileRef = 0D9D0BC117583E9B00EF5D4C /* missingAvatar@2x.png */; };
		0D9D0BCC17583E9B00EF5D4C /* typingMine.png in Resources */ = {isa = PBXBuildFile; fileRef = 0D9D0BC217583E9B00EF5D4C /* typingMine.png */; };
		0D9D0BCD17583E9B00EF5D4C /* typingMine@2x.png in Resources */ = {isa = PBXBuildFile; fileRef = 0D9D0BC317583E9B00EF5D4C /* typingMine@2x.png */; };
		0D9D0BCE17583E9B00EF5D4C /* typingSomeone.png in Resources */ = {isa = PBXBuildFile; fileRef = 0D9D0BC417583E9B00EF5D4C /* typingSomeone.png */; };
		0D9D0BCF17583E9B00EF5D4C /* typingSomeone@2x.png in Resources */ = {isa = PBXBuildFile; fileRef = 0D9D0BC517583E9B00EF5D4C /* typingSomeone@2x.png */; };
		0D9D0BE317594B1700EF5D4C /* Default.png in Resources */ = {isa = PBXBuildFile; fileRef = 0D9D0BE217594B1700EF5D4C /* Default.png */; };
		0D9D0BE517594B3800EF5D4C /* Default@2x.png in Resources */ = {isa = PBXBuildFile; fileRef = 0D9D0BE417594B3700EF5D4C /* Default@2x.png */; };
		0D9D0BE717594B4E00EF5D4C /* Default-568h@2x.png in Resources */ = {isa = PBXBuildFile; fileRef = 0D9D0BE617594B4E00EF5D4C /* Default-568h@2x.png */; };
		0D9D0BEC175951D200EF5D4C /* gear.png in Resources */ = {isa = PBXBuildFile; fileRef = 0D9D0BE8175951D200EF5D4C /* gear.png */; };
		0D9D0BED175951D200EF5D4C /* gear@2x.png in Resources */ = {isa = PBXBuildFile; fileRef = 0D9D0BE9175951D200EF5D4C /* gear@2x.png */; };
		0D9D0BEE175951D200EF5D4C /* group.png in Resources */ = {isa = PBXBuildFile; fileRef = 0D9D0BEA175951D200EF5D4C /* group.png */; };
		0D9D0BEF175951D200EF5D4C /* group@2x.png in Resources */ = {isa = PBXBuildFile; fileRef = 0D9D0BEB175951D200EF5D4C /* group@2x.png */; };
		0DAEF1C2175F653200C2EBBC /* base64.c in Sources */ = {isa = PBXBuildFile; fileRef = 0D0BF7E3175F61C2000FE0F9 /* base64.c */; };
		0DAEF1C3175F653200C2EBBC /* NSData+SRB64Additions.m in Sources */ = {isa = PBXBuildFile; fileRef = 0D0BF7E6175F61C2000FE0F9 /* NSData+SRB64Additions.m */; };
		0DAEF1C4175F653200C2EBBC /* SRWebSocket.m in Sources */ = {isa = PBXBuildFile; fileRef = 0D0BF7E9175F61C2000FE0F9 /* SRWebSocket.m */; };
		0DAEF1C5175F653200C2EBBC /* SocketIO.m in Sources */ = {isa = PBXBuildFile; fileRef = 0D0BF7D9175F616C000FE0F9 /* SocketIO.m */; };
		0DAEF1C6175F653200C2EBBC /* SocketIOPacket.m in Sources */ = {isa = PBXBuildFile; fileRef = 0D0BF7DB175F616C000FE0F9 /* SocketIOPacket.m */; };
		0DAEF1C7175F653200C2EBBC /* SocketIOJSONSerialization.m in Sources */ = {isa = PBXBuildFile; fileRef = 0D0BF7DD175F616C000FE0F9 /* SocketIOJSONSerialization.m */; };
		0DAEF1C8175F653200C2EBBC /* SocketIOTransportWebsocket.m in Sources */ = {isa = PBXBuildFile; fileRef = 0D0BF7E0175F616C000FE0F9 /* SocketIOTransportWebsocket.m */; };
		0DAEF1C9175F653200C2EBBC /* SocketIOTransportXHR.m in Sources */ = {isa = PBXBuildFile; fileRef = 0D0BF7E2175F616C000FE0F9 /* SocketIOTransportXHR.m */; };
		0DAEF1CA175F658400C2EBBC /* NSBubbleData.m in Sources */ = {isa = PBXBuildFile; fileRef = 0D9D0BA717583AB400EF5D4C /* NSBubbleData.m */; };
		0DAEF1CB175F658400C2EBBC /* UIBubbleTableView.m in Sources */ = {isa = PBXBuildFile; fileRef = 0D9D0BA917583AB400EF5D4C /* UIBubbleTableView.m */; };
		0DAEF1CC175F658400C2EBBC /* UIBubbleTableViewCell.m in Sources */ = {isa = PBXBuildFile; fileRef = 0D9D0BAB17583AB500EF5D4C /* UIBubbleTableViewCell.m */; };
		0DAEF1CD175F658400C2EBBC /* UIBubbleHeaderTableViewCell.m in Sources */ = {isa = PBXBuildFile; fileRef = 0D9D0BAD17583AB500EF5D4C /* UIBubbleHeaderTableViewCell.m */; };
		0DAEF1CE175F658400C2EBBC /* UIBubbleTypingTableViewCell.m in Sources */ = {isa = PBXBuildFile; fileRef = 0D9D0BAF17583AB600EF5D4C /* UIBubbleTypingTableViewCell.m */; };
		0DAEF1CF175F659100C2EBBC /* CBAppDelegate.m in Sources */ = {isa = PBXBuildFile; fileRef = 0D75A8E0175773B800D401DA /* CBAppDelegate.m */; };
		0DAEF1D0175F659100C2EBBC /* CBMainViewController.m in Sources */ = {isa = PBXBuildFile; fileRef = 0D75A8E9175773B800D401DA /* CBMainViewController.m */; };
		0DAEF1D1175F659100C2EBBC /* CBPictureCell.m in Sources */ = {isa = PBXBuildFile; fileRef = 0D9D0BA217579FF700EF5D4C /* CBPictureCell.m */; };
		0DAEF1D2175F659100C2EBBC /* CBFlipsideViewController.m in Sources */ = {isa = PBXBuildFile; fileRef = 0D75A8EC175773B800D401DA /* CBFlipsideViewController.m */; };
		0DAEF1D3175F659100C2EBBC /* CBChatViewController.m in Sources */ = {isa = PBXBuildFile; fileRef = 0D9D0BB217583CB200EF5D4C /* CBChatViewController.m */; };
		0DAEF1D5175F665A00C2EBBC /* libicucore.dylib in Frameworks */ = {isa = PBXBuildFile; fileRef = 0DAEF1D4175F665A00C2EBBC /* libicucore.dylib */; };
		0DAEF1D7175F666400C2EBBC /* CFNetwork.framework in Frameworks */ = {isa = PBXBuildFile; fileRef = 0DAEF1D6175F666400C2EBBC /* CFNetwork.framework */; };
		0DAEF1D9175F667000C2EBBC /* Security.framework in Frameworks */ = {isa = PBXBuildFile; fileRef = 0DAEF1D8175F667000C2EBBC /* Security.framework */; };
		0DAEF1DA175F66D900C2EBBC /* main.m in Sources */ = {isa = PBXBuildFile; fileRef = 0D75A8DC175773B800D401DA /* main.m */; };
		0DB2B76F177A2EE30016E212 /* NSData+Conversion.m in Sources */ = {isa = PBXBuildFile; fileRef = 0DB2B76E177A2EE30016E212 /* NSData+Conversion.m */; };
		0DB2B771177CD01F0016E212 /* Icon@2x.png in Resources */ = {isa = PBXBuildFile; fileRef = 0DB2B770177CD01F0016E212 /* Icon@2x.png */; };
		0DB2B773177CD0510016E212 /* Icon.png in Resources */ = {isa = PBXBuildFile; fileRef = 0DB2B772177CD0510016E212 /* Icon.png */; };
		0DB2B776177CDE4C0016E212 /* CBSearchViewController.m in Sources */ = {isa = PBXBuildFile; fileRef = 0DB2B775177CDE4C0016E212 /* CBSearchViewController.m */; };
		0DB2B778177CDE900016E212 /* SearchView.xib in Resources */ = {isa = PBXBuildFile; fileRef = 0DB2B777177CDE900016E212 /* SearchView.xib */; };
		0DB2B77C177DAEB80016E212 /* CBEULAViewController.m in Sources */ = {isa = PBXBuildFile; fileRef = 0DB2B77A177DAEB70016E212 /* CBEULAViewController.m */; };
		0DB2B77D177DAEB80016E212 /* CBEULAViewController.xib in Resources */ = {isa = PBXBuildFile; fileRef = 0DB2B77B177DAEB70016E212 /* CBEULAViewController.xib */; };
		0DB88BBC1760BA5900019247 /* SBJsonParser.m in Sources */ = {isa = PBXBuildFile; fileRef = 0DB88BA91760BA5900019247 /* SBJsonParser.m */; };
		0DB88BBD1760BA5900019247 /* SBJsonStreamParser.m in Sources */ = {isa = PBXBuildFile; fileRef = 0DB88BAB1760BA5900019247 /* SBJsonStreamParser.m */; };
		0DB88BBE1760BA5900019247 /* SBJsonStreamParserAccumulator.m in Sources */ = {isa = PBXBuildFile; fileRef = 0DB88BAD1760BA5900019247 /* SBJsonStreamParserAccumulator.m */; };
		0DB88BBF1760BA5900019247 /* SBJsonStreamParserAdapter.m in Sources */ = {isa = PBXBuildFile; fileRef = 0DB88BAF1760BA5900019247 /* SBJsonStreamParserAdapter.m */; };
		0DB88BC01760BA5900019247 /* SBJsonStreamParserState.m in Sources */ = {isa = PBXBuildFile; fileRef = 0DB88BB11760BA5900019247 /* SBJsonStreamParserState.m */; };
		0DB88BC11760BA5900019247 /* SBJsonStreamTokeniser.m in Sources */ = {isa = PBXBuildFile; fileRef = 0DB88BB31760BA5900019247 /* SBJsonStreamTokeniser.m */; };
		0DB88BC21760BA5900019247 /* SBJsonStreamWriter.m in Sources */ = {isa = PBXBuildFile; fileRef = 0DB88BB51760BA5900019247 /* SBJsonStreamWriter.m */; };
		0DB88BC31760BA5900019247 /* SBJsonStreamWriterAccumulator.m in Sources */ = {isa = PBXBuildFile; fileRef = 0DB88BB71760BA5900019247 /* SBJsonStreamWriterAccumulator.m */; };
		0DB88BC41760BA5900019247 /* SBJsonStreamWriterState.m in Sources */ = {isa = PBXBuildFile; fileRef = 0DB88BB91760BA5900019247 /* SBJsonStreamWriterState.m */; };
		0DB88BC51760BA5900019247 /* SBJsonWriter.m in Sources */ = {isa = PBXBuildFile; fileRef = 0DB88BBB1760BA5900019247 /* SBJsonWriter.m */; };
		2DF7BBA342F04BA19C14CEDB /* libPods.a in Frameworks */ = {isa = PBXBuildFile; fileRef = 12975312DF594FBDA50BAD8D /* libPods.a */; };
/* End PBXBuildFile section */

/* Begin PBXFileReference section */
		0D0BF7D5175F4D94000FE0F9 /* MessageUI.framework */ = {isa = PBXFileReference; lastKnownFileType = wrapper.framework; name = MessageUI.framework; path = System/Library/Frameworks/MessageUI.framework; sourceTree = SDKROOT; };
		0D0BF7D8175F616C000FE0F9 /* SocketIO.h */ = {isa = PBXFileReference; lastKnownFileType = sourcecode.c.h; path = SocketIO.h; sourceTree = "<group>"; };
		0D0BF7D9175F616C000FE0F9 /* SocketIO.m */ = {isa = PBXFileReference; lastKnownFileType = sourcecode.c.objc; path = SocketIO.m; sourceTree = "<group>"; };
		0D0BF7DA175F616C000FE0F9 /* SocketIOPacket.h */ = {isa = PBXFileReference; lastKnownFileType = sourcecode.c.h; path = SocketIOPacket.h; sourceTree = "<group>"; };
		0D0BF7DB175F616C000FE0F9 /* SocketIOPacket.m */ = {isa = PBXFileReference; lastKnownFileType = sourcecode.c.objc; path = SocketIOPacket.m; sourceTree = "<group>"; };
		0D0BF7DC175F616C000FE0F9 /* SocketIOJSONSerialization.h */ = {isa = PBXFileReference; lastKnownFileType = sourcecode.c.h; path = SocketIOJSONSerialization.h; sourceTree = "<group>"; };
		0D0BF7DD175F616C000FE0F9 /* SocketIOJSONSerialization.m */ = {isa = PBXFileReference; lastKnownFileType = sourcecode.c.objc; path = SocketIOJSONSerialization.m; sourceTree = "<group>"; };
		0D0BF7DE175F616C000FE0F9 /* SocketIOTransport.h */ = {isa = PBXFileReference; lastKnownFileType = sourcecode.c.h; path = SocketIOTransport.h; sourceTree = "<group>"; };
		0D0BF7DF175F616C000FE0F9 /* SocketIOTransportWebsocket.h */ = {isa = PBXFileReference; lastKnownFileType = sourcecode.c.h; path = SocketIOTransportWebsocket.h; sourceTree = "<group>"; };
		0D0BF7E0175F616C000FE0F9 /* SocketIOTransportWebsocket.m */ = {isa = PBXFileReference; lastKnownFileType = sourcecode.c.objc; path = SocketIOTransportWebsocket.m; sourceTree = "<group>"; };
		0D0BF7E1175F616C000FE0F9 /* SocketIOTransportXHR.h */ = {isa = PBXFileReference; lastKnownFileType = sourcecode.c.h; path = SocketIOTransportXHR.h; sourceTree = "<group>"; };
		0D0BF7E2175F616C000FE0F9 /* SocketIOTransportXHR.m */ = {isa = PBXFileReference; lastKnownFileType = sourcecode.c.objc; path = SocketIOTransportXHR.m; sourceTree = "<group>"; };
		0D0BF7E3175F61C2000FE0F9 /* base64.c */ = {isa = PBXFileReference; fileEncoding = 4; lastKnownFileType = sourcecode.c.c; path = base64.c; sourceTree = "<group>"; };
		0D0BF7E4175F61C2000FE0F9 /* base64.h */ = {isa = PBXFileReference; fileEncoding = 4; lastKnownFileType = sourcecode.c.h; path = base64.h; sourceTree = "<group>"; };
		0D0BF7E5175F61C2000FE0F9 /* NSData+SRB64Additions.h */ = {isa = PBXFileReference; fileEncoding = 4; lastKnownFileType = sourcecode.c.h; path = "NSData+SRB64Additions.h"; sourceTree = "<group>"; };
		0D0BF7E6175F61C2000FE0F9 /* NSData+SRB64Additions.m */ = {isa = PBXFileReference; fileEncoding = 4; lastKnownFileType = sourcecode.c.objc; path = "NSData+SRB64Additions.m"; sourceTree = "<group>"; };
		0D0BF7E7175F61C2000FE0F9 /* SocketRocket-Prefix.pch */ = {isa = PBXFileReference; fileEncoding = 4; lastKnownFileType = sourcecode.c.h; path = "SocketRocket-Prefix.pch"; sourceTree = "<group>"; };
		0D0BF7E8175F61C2000FE0F9 /* SRWebSocket.h */ = {isa = PBXFileReference; fileEncoding = 4; lastKnownFileType = sourcecode.c.h; path = SRWebSocket.h; sourceTree = "<group>"; };
		0D0BF7E9175F61C2000FE0F9 /* SRWebSocket.m */ = {isa = PBXFileReference; fileEncoding = 4; lastKnownFileType = sourcecode.c.objc; path = SRWebSocket.m; sourceTree = "<group>"; };
		0D75A8CD175773B700D401DA /* Messengr.app */ = {isa = PBXFileReference; explicitFileType = wrapper.application; includeInIndex = 0; path = Messengr.app; sourceTree = BUILT_PRODUCTS_DIR; };
		0D75A8D0175773B700D401DA /* UIKit.framework */ = {isa = PBXFileReference; lastKnownFileType = wrapper.framework; name = UIKit.framework; path = System/Library/Frameworks/UIKit.framework; sourceTree = SDKROOT; };
		0D75A8D2175773B700D401DA /* Foundation.framework */ = {isa = PBXFileReference; lastKnownFileType = wrapper.framework; name = Foundation.framework; path = System/Library/Frameworks/Foundation.framework; sourceTree = SDKROOT; };
		0D75A8D4175773B700D401DA /* CoreGraphics.framework */ = {isa = PBXFileReference; lastKnownFileType = wrapper.framework; name = CoreGraphics.framework; path = System/Library/Frameworks/CoreGraphics.framework; sourceTree = SDKROOT; };
		0D75A8D8175773B700D401DA /* Messengr-Info.plist */ = {isa = PBXFileReference; lastKnownFileType = text.plist.xml; path = "Messengr-Info.plist"; sourceTree = "<group>"; };
		0D75A8DA175773B800D401DA /* en */ = {isa = PBXFileReference; lastKnownFileType = text.plist.strings; name = en; path = en.lproj/InfoPlist.strings; sourceTree = "<group>"; };
		0D75A8DC175773B800D401DA /* main.m */ = {isa = PBXFileReference; lastKnownFileType = sourcecode.c.objc; path = main.m; sourceTree = "<group>"; };
		0D75A8DE175773B800D401DA /* Messengr-Prefix.pch */ = {isa = PBXFileReference; lastKnownFileType = sourcecode.c.h; path = "Messengr-Prefix.pch"; sourceTree = "<group>"; };
		0D75A8DF175773B800D401DA /* CBAppDelegate.h */ = {isa = PBXFileReference; lastKnownFileType = sourcecode.c.h; path = CBAppDelegate.h; sourceTree = "<group>"; };
		0D75A8E0175773B800D401DA /* CBAppDelegate.m */ = {isa = PBXFileReference; lastKnownFileType = sourcecode.c.objc; path = CBAppDelegate.m; sourceTree = "<group>"; };
		0D75A8E2175773B800D401DA /* Default.png */ = {isa = PBXFileReference; lastKnownFileType = image.png; path = Default.png; sourceTree = "<group>"; };
		0D75A8E4175773B800D401DA /* Default@2x.png */ = {isa = PBXFileReference; lastKnownFileType = image.png; path = "Default@2x.png"; sourceTree = "<group>"; };
		0D75A8E6175773B800D401DA /* Default-568h@2x.png */ = {isa = PBXFileReference; lastKnownFileType = image.png; path = "Default-568h@2x.png"; sourceTree = "<group>"; };
		0D75A8E8175773B800D401DA /* CBMainViewController.h */ = {isa = PBXFileReference; lastKnownFileType = sourcecode.c.h; path = CBMainViewController.h; sourceTree = "<group>"; };
		0D75A8E9175773B800D401DA /* CBMainViewController.m */ = {isa = PBXFileReference; lastKnownFileType = sourcecode.c.objc; path = CBMainViewController.m; sourceTree = "<group>"; };
		0D75A8EB175773B800D401DA /* CBFlipsideViewController.h */ = {isa = PBXFileReference; lastKnownFileType = sourcecode.c.h; path = CBFlipsideViewController.h; sourceTree = "<group>"; };
		0D75A8EC175773B800D401DA /* CBFlipsideViewController.m */ = {isa = PBXFileReference; lastKnownFileType = sourcecode.c.objc; path = CBFlipsideViewController.m; sourceTree = "<group>"; };
		0D75A8EF175773B800D401DA /* en */ = {isa = PBXFileReference; lastKnownFileType = file.xib; name = en; path = en.lproj/CBMainViewController.xib; sourceTree = "<group>"; };
		0D75A8F2175773B800D401DA /* en */ = {isa = PBXFileReference; lastKnownFileType = file.xib; name = en; path = en.lproj/CBFlipsideViewController.xib; sourceTree = "<group>"; };
		0D75F72317846B6300020675 /* bubbleMine.png */ = {isa = PBXFileReference; lastKnownFileType = image.png; path = bubbleMine.png; sourceTree = "<group>"; };
		0D75F72417846B6300020675 /* bubbleMine@2x.png */ = {isa = PBXFileReference; lastKnownFileType = image.png; path = "bubbleMine@2x.png"; sourceTree = "<group>"; };
		0D9CD8161780523200D03FE1 /* CBContactsViewController.h */ = {isa = PBXFileReference; fileEncoding = 4; lastKnownFileType = sourcecode.c.h; path = CBContactsViewController.h; sourceTree = "<group>"; };
		0D9CD8171780523200D03FE1 /* CBContactsViewController.m */ = {isa = PBXFileReference; fileEncoding = 4; lastKnownFileType = sourcecode.c.objc; path = CBContactsViewController.m; sourceTree = "<group>"; };
		0D9CD8181780523200D03FE1 /* CBContactsViewController.xib */ = {isa = PBXFileReference; fileEncoding = 4; lastKnownFileType = file.xib; path = CBContactsViewController.xib; sourceTree = "<group>"; };
		0D9CD81B1780A5E700D03FE1 /* CBAboutViewController.h */ = {isa = PBXFileReference; fileEncoding = 4; lastKnownFileType = sourcecode.c.h; path = CBAboutViewController.h; sourceTree = "<group>"; };
		0D9CD81C1780A5E700D03FE1 /* CBAboutViewController.m */ = {isa = PBXFileReference; fileEncoding = 4; lastKnownFileType = sourcecode.c.objc; path = CBAboutViewController.m; sourceTree = "<group>"; };
		0D9CD81D1780A5E800D03FE1 /* CBAboutViewController.xib */ = {isa = PBXFileReference; fileEncoding = 4; lastKnownFileType = file.xib; path = CBAboutViewController.xib; sourceTree = "<group>"; };
		0D9CD8201780ACEB00D03FE1 /* CodeBeamLogo_Tiny.png */ = {isa = PBXFileReference; lastKnownFileType = image.png; path = CodeBeamLogo_Tiny.png; sourceTree = "<group>"; };
		0D9CD84D1780B87300D03FE1 /* MKAnnotationView+WebCache.h */ = {isa = PBXFileReference; fileEncoding = 4; lastKnownFileType = sourcecode.c.h; path = "MKAnnotationView+WebCache.h"; sourceTree = "<group>"; };
		0D9CD84E1780B87300D03FE1 /* MKAnnotationView+WebCache.m */ = {isa = PBXFileReference; fileEncoding = 4; lastKnownFileType = sourcecode.c.objc; path = "MKAnnotationView+WebCache.m"; sourceTree = "<group>"; };
		0D9CD84F1780B87300D03FE1 /* NSData+GIF.h */ = {isa = PBXFileReference; fileEncoding = 4; lastKnownFileType = sourcecode.c.h; path = "NSData+GIF.h"; sourceTree = "<group>"; };
		0D9CD8501780B87300D03FE1 /* NSData+GIF.m */ = {isa = PBXFileReference; fileEncoding = 4; lastKnownFileType = sourcecode.c.objc; path = "NSData+GIF.m"; sourceTree = "<group>"; };
		0D9CD8511780B87300D03FE1 /* SDImageCache.h */ = {isa = PBXFileReference; fileEncoding = 4; lastKnownFileType = sourcecode.c.h; path = SDImageCache.h; sourceTree = "<group>"; };
		0D9CD8521780B87300D03FE1 /* SDImageCache.m */ = {isa = PBXFileReference; fileEncoding = 4; lastKnownFileType = sourcecode.c.objc; path = SDImageCache.m; sourceTree = "<group>"; };
		0D9CD8531780B87300D03FE1 /* SDWebImageCompat.h */ = {isa = PBXFileReference; fileEncoding = 4; lastKnownFileType = sourcecode.c.h; path = SDWebImageCompat.h; sourceTree = "<group>"; };
		0D9CD8541780B87300D03FE1 /* SDWebImageCompat.m */ = {isa = PBXFileReference; fileEncoding = 4; lastKnownFileType = sourcecode.c.objc; path = SDWebImageCompat.m; sourceTree = "<group>"; };
		0D9CD8551780B87300D03FE1 /* SDWebImageDecoder.h */ = {isa = PBXFileReference; fileEncoding = 4; lastKnownFileType = sourcecode.c.h; path = SDWebImageDecoder.h; sourceTree = "<group>"; };
		0D9CD8561780B87300D03FE1 /* SDWebImageDecoder.m */ = {isa = PBXFileReference; fileEncoding = 4; lastKnownFileType = sourcecode.c.objc; path = SDWebImageDecoder.m; sourceTree = "<group>"; };
		0D9CD8571780B87300D03FE1 /* SDWebImageDownloader.h */ = {isa = PBXFileReference; fileEncoding = 4; lastKnownFileType = sourcecode.c.h; path = SDWebImageDownloader.h; sourceTree = "<group>"; };
		0D9CD8581780B87300D03FE1 /* SDWebImageDownloader.m */ = {isa = PBXFileReference; fileEncoding = 4; lastKnownFileType = sourcecode.c.objc; path = SDWebImageDownloader.m; sourceTree = "<group>"; };
		0D9CD8591780B87400D03FE1 /* SDWebImageDownloaderOperation.h */ = {isa = PBXFileReference; fileEncoding = 4; lastKnownFileType = sourcecode.c.h; path = SDWebImageDownloaderOperation.h; sourceTree = "<group>"; };
		0D9CD85A1780B87400D03FE1 /* SDWebImageDownloaderOperation.m */ = {isa = PBXFileReference; fileEncoding = 4; lastKnownFileType = sourcecode.c.objc; path = SDWebImageDownloaderOperation.m; sourceTree = "<group>"; };
		0D9CD85B1780B87400D03FE1 /* SDWebImageManager.h */ = {isa = PBXFileReference; fileEncoding = 4; lastKnownFileType = sourcecode.c.h; path = SDWebImageManager.h; sourceTree = "<group>"; };
		0D9CD85C1780B87400D03FE1 /* SDWebImageManager.m */ = {isa = PBXFileReference; fileEncoding = 4; lastKnownFileType = sourcecode.c.objc; path = SDWebImageManager.m; sourceTree = "<group>"; };
		0D9CD85D1780B87400D03FE1 /* SDWebImageOperation.h */ = {isa = PBXFileReference; fileEncoding = 4; lastKnownFileType = sourcecode.c.h; path = SDWebImageOperation.h; sourceTree = "<group>"; };
		0D9CD85E1780B87400D03FE1 /* SDWebImagePrefetcher.h */ = {isa = PBXFileReference; fileEncoding = 4; lastKnownFileType = sourcecode.c.h; path = SDWebImagePrefetcher.h; sourceTree = "<group>"; };
		0D9CD85F1780B87400D03FE1 /* SDWebImagePrefetcher.m */ = {isa = PBXFileReference; fileEncoding = 4; lastKnownFileType = sourcecode.c.objc; path = SDWebImagePrefetcher.m; sourceTree = "<group>"; };
		0D9CD8601780B87400D03FE1 /* UIButton+WebCache.h */ = {isa = PBXFileReference; fileEncoding = 4; lastKnownFileType = sourcecode.c.h; path = "UIButton+WebCache.h"; sourceTree = "<group>"; };
		0D9CD8611780B87400D03FE1 /* UIButton+WebCache.m */ = {isa = PBXFileReference; fileEncoding = 4; lastKnownFileType = sourcecode.c.objc; path = "UIButton+WebCache.m"; sourceTree = "<group>"; };
		0D9CD8621780B87400D03FE1 /* UIImage+GIF.h */ = {isa = PBXFileReference; fileEncoding = 4; lastKnownFileType = sourcecode.c.h; path = "UIImage+GIF.h"; sourceTree = "<group>"; };
		0D9CD8631780B87400D03FE1 /* UIImage+GIF.m */ = {isa = PBXFileReference; fileEncoding = 4; lastKnownFileType = sourcecode.c.objc; path = "UIImage+GIF.m"; sourceTree = "<group>"; };
		0D9CD8641780B87500D03FE1 /* UIImage+MultiFormat.h */ = {isa = PBXFileReference; fileEncoding = 4; lastKnownFileType = sourcecode.c.h; path = "UIImage+MultiFormat.h"; sourceTree = "<group>"; };
		0D9CD8651780B87500D03FE1 /* UIImage+MultiFormat.m */ = {isa = PBXFileReference; fileEncoding = 4; lastKnownFileType = sourcecode.c.objc; path = "UIImage+MultiFormat.m"; sourceTree = "<group>"; };
		0D9CD8661780B87500D03FE1 /* UIImage+WebP.h */ = {isa = PBXFileReference; fileEncoding = 4; lastKnownFileType = sourcecode.c.h; path = "UIImage+WebP.h"; sourceTree = "<group>"; };
		0D9CD8671780B87500D03FE1 /* UIImage+WebP.m */ = {isa = PBXFileReference; fileEncoding = 4; lastKnownFileType = sourcecode.c.objc; path = "UIImage+WebP.m"; sourceTree = "<group>"; };
		0D9CD8681780B87500D03FE1 /* UIImageView+WebCache.h */ = {isa = PBXFileReference; fileEncoding = 4; lastKnownFileType = sourcecode.c.h; path = "UIImageView+WebCache.h"; sourceTree = "<group>"; };
		0D9CD8691780B87500D03FE1 /* UIImageView+WebCache.m */ = {isa = PBXFileReference; fileEncoding = 4; lastKnownFileType = sourcecode.c.objc; path = "UIImageView+WebCache.m"; sourceTree = "<group>"; };
		0D9CD8781780B88500D03FE1 /* ImageIO.framework */ = {isa = PBXFileReference; lastKnownFileType = wrapper.framework; name = ImageIO.framework; path = System/Library/Frameworks/ImageIO.framework; sourceTree = SDKROOT; };
		0D9CD87A1780B8BE00D03FE1 /* MapKit.framework */ = {isa = PBXFileReference; lastKnownFileType = wrapper.framework; name = MapKit.framework; path = System/Library/Frameworks/MapKit.framework; sourceTree = SDKROOT; };
		0D9CD87E1780CF7400D03FE1 /* logo.png */ = {isa = PBXFileReference; lastKnownFileType = image.png; path = logo.png; sourceTree = "<group>"; };
		0D9D0BA117579FF700EF5D4C /* CBPictureCell.h */ = {isa = PBXFileReference; fileEncoding = 4; lastKnownFileType = sourcecode.c.h; path = CBPictureCell.h; sourceTree = "<group>"; };
		0D9D0BA217579FF700EF5D4C /* CBPictureCell.m */ = {isa = PBXFileReference; fileEncoding = 4; lastKnownFileType = sourcecode.c.objc; path = CBPictureCell.m; sourceTree = "<group>"; };
		0D9D0BA41757A1C500EF5D4C /* CBPictureCell.xib */ = {isa = PBXFileReference; fileEncoding = 4; lastKnownFileType = file.xib; path = CBPictureCell.xib; sourceTree = "<group>"; };
		0D9D0BA617583AB400EF5D4C /* NSBubbleData.h */ = {isa = PBXFileReference; lastKnownFileType = sourcecode.c.h; path = NSBubbleData.h; sourceTree = "<group>"; };
		0D9D0BA717583AB400EF5D4C /* NSBubbleData.m */ = {isa = PBXFileReference; lastKnownFileType = sourcecode.c.objc; path = NSBubbleData.m; sourceTree = "<group>"; };
		0D9D0BA817583AB400EF5D4C /* UIBubbleTableView.h */ = {isa = PBXFileReference; lastKnownFileType = sourcecode.c.h; path = UIBubbleTableView.h; sourceTree = "<group>"; };
		0D9D0BA917583AB400EF5D4C /* UIBubbleTableView.m */ = {isa = PBXFileReference; lastKnownFileType = sourcecode.c.objc; path = UIBubbleTableView.m; sourceTree = "<group>"; };
		0D9D0BAA17583AB400EF5D4C /* UIBubbleTableViewCell.h */ = {isa = PBXFileReference; lastKnownFileType = sourcecode.c.h; path = UIBubbleTableViewCell.h; sourceTree = "<group>"; };
		0D9D0BAB17583AB500EF5D4C /* UIBubbleTableViewCell.m */ = {isa = PBXFileReference; lastKnownFileType = sourcecode.c.objc; path = UIBubbleTableViewCell.m; sourceTree = "<group>"; };
		0D9D0BAC17583AB500EF5D4C /* UIBubbleHeaderTableViewCell.h */ = {isa = PBXFileReference; lastKnownFileType = sourcecode.c.h; path = UIBubbleHeaderTableViewCell.h; sourceTree = "<group>"; };
		0D9D0BAD17583AB500EF5D4C /* UIBubbleHeaderTableViewCell.m */ = {isa = PBXFileReference; lastKnownFileType = sourcecode.c.objc; path = UIBubbleHeaderTableViewCell.m; sourceTree = "<group>"; };
		0D9D0BAE17583AB500EF5D4C /* UIBubbleTypingTableViewCell.h */ = {isa = PBXFileReference; lastKnownFileType = sourcecode.c.h; path = UIBubbleTypingTableViewCell.h; sourceTree = "<group>"; };
		0D9D0BAF17583AB600EF5D4C /* UIBubbleTypingTableViewCell.m */ = {isa = PBXFileReference; lastKnownFileType = sourcecode.c.objc; path = UIBubbleTypingTableViewCell.m; sourceTree = "<group>"; };
		0D9D0BB017583AB600EF5D4C /* UIBubbleTableViewDataSource.h */ = {isa = PBXFileReference; lastKnownFileType = sourcecode.c.h; path = UIBubbleTableViewDataSource.h; sourceTree = "<group>"; };
		0D9D0BB217583CB200EF5D4C /* CBChatViewController.m */ = {isa = PBXFileReference; fileEncoding = 4; lastKnownFileType = sourcecode.c.objc; path = CBChatViewController.m; sourceTree = "<group>"; };
		0D9D0BB317583CB200EF5D4C /* CBChatViewController.xib */ = {isa = PBXFileReference; fileEncoding = 4; lastKnownFileType = file.xib; path = CBChatViewController.xib; sourceTree = "<group>"; };
		0D9D0BB617583CC300EF5D4C /* CBChatViewController.h */ = {isa = PBXFileReference; lastKnownFileType = sourcecode.c.h; path = CBChatViewController.h; sourceTree = "<group>"; };
		0D9D0BBE17583E9B00EF5D4C /* bubbleSomeone.png */ = {isa = PBXFileReference; lastKnownFileType = image.png; path = bubbleSomeone.png; sourceTree = "<group>"; };
		0D9D0BBF17583E9B00EF5D4C /* bubbleSomeone@2x.png */ = {isa = PBXFileReference; lastKnownFileType = image.png; path = "bubbleSomeone@2x.png"; sourceTree = "<group>"; };
		0D9D0BC017583E9B00EF5D4C /* missingAvatar.png */ = {isa = PBXFileReference; lastKnownFileType = image.png; path = missingAvatar.png; sourceTree = "<group>"; };
		0D9D0BC117583E9B00EF5D4C /* missingAvatar@2x.png */ = {isa = PBXFileReference; lastKnownFileType = image.png; path = "missingAvatar@2x.png"; sourceTree = "<group>"; };
		0D9D0BC217583E9B00EF5D4C /* typingMine.png */ = {isa = PBXFileReference; lastKnownFileType = image.png; path = typingMine.png; sourceTree = "<group>"; };
		0D9D0BC317583E9B00EF5D4C /* typingMine@2x.png */ = {isa = PBXFileReference; lastKnownFileType = image.png; path = "typingMine@2x.png"; sourceTree = "<group>"; };
		0D9D0BC417583E9B00EF5D4C /* typingSomeone.png */ = {isa = PBXFileReference; lastKnownFileType = image.png; path = typingSomeone.png; sourceTree = "<group>"; };
		0D9D0BC517583E9B00EF5D4C /* typingSomeone@2x.png */ = {isa = PBXFileReference; lastKnownFileType = image.png; path = "typingSomeone@2x.png"; sourceTree = "<group>"; };
		0D9D0BE217594B1700EF5D4C /* Default.png */ = {isa = PBXFileReference; lastKnownFileType = image.png; path = Default.png; sourceTree = "<group>"; };
		0D9D0BE417594B3700EF5D4C /* Default@2x.png */ = {isa = PBXFileReference; lastKnownFileType = image.png; path = "Default@2x.png"; sourceTree = "<group>"; };
		0D9D0BE617594B4E00EF5D4C /* Default-568h@2x.png */ = {isa = PBXFileReference; lastKnownFileType = image.png; path = "Default-568h@2x.png"; sourceTree = "<group>"; };
		0D9D0BE8175951D200EF5D4C /* gear.png */ = {isa = PBXFileReference; lastKnownFileType = image.png; path = gear.png; sourceTree = "<group>"; };
		0D9D0BE9175951D200EF5D4C /* gear@2x.png */ = {isa = PBXFileReference; lastKnownFileType = image.png; path = "gear@2x.png"; sourceTree = "<group>"; };
		0D9D0BEA175951D200EF5D4C /* group.png */ = {isa = PBXFileReference; lastKnownFileType = image.png; path = group.png; sourceTree = "<group>"; };
		0D9D0BEB175951D200EF5D4C /* group@2x.png */ = {isa = PBXFileReference; lastKnownFileType = image.png; path = "group@2x.png"; sourceTree = "<group>"; };
		0DAEF1D4175F665A00C2EBBC /* libicucore.dylib */ = {isa = PBXFileReference; lastKnownFileType = "compiled.mach-o.dylib"; name = libicucore.dylib; path = usr/lib/libicucore.dylib; sourceTree = SDKROOT; };
		0DAEF1D6175F666400C2EBBC /* CFNetwork.framework */ = {isa = PBXFileReference; lastKnownFileType = wrapper.framework; name = CFNetwork.framework; path = System/Library/Frameworks/CFNetwork.framework; sourceTree = SDKROOT; };
		0DAEF1D8175F667000C2EBBC /* Security.framework */ = {isa = PBXFileReference; lastKnownFileType = wrapper.framework; name = Security.framework; path = System/Library/Frameworks/Security.framework; sourceTree = SDKROOT; };
		0DB2B76D177A2EE30016E212 /* NSData+Conversion.h */ = {isa = PBXFileReference; fileEncoding = 4; lastKnownFileType = sourcecode.c.h; path = "NSData+Conversion.h"; sourceTree = "<group>"; };
		0DB2B76E177A2EE30016E212 /* NSData+Conversion.m */ = {isa = PBXFileReference; fileEncoding = 4; lastKnownFileType = sourcecode.c.objc; path = "NSData+Conversion.m"; sourceTree = "<group>"; };
		0DB2B770177CD01F0016E212 /* Icon@2x.png */ = {isa = PBXFileReference; lastKnownFileType = image.png; path = "Icon@2x.png"; sourceTree = "<group>"; };
		0DB2B772177CD0510016E212 /* Icon.png */ = {isa = PBXFileReference; lastKnownFileType = image.png; path = Icon.png; sourceTree = "<group>"; };
		0DB2B774177CDE4C0016E212 /* CBSearchViewController.h */ = {isa = PBXFileReference; fileEncoding = 4; lastKnownFileType = sourcecode.c.h; path = CBSearchViewController.h; sourceTree = "<group>"; };
		0DB2B775177CDE4C0016E212 /* CBSearchViewController.m */ = {isa = PBXFileReference; fileEncoding = 4; lastKnownFileType = sourcecode.c.objc; path = CBSearchViewController.m; sourceTree = "<group>"; };
		0DB2B777177CDE900016E212 /* SearchView.xib */ = {isa = PBXFileReference; fileEncoding = 4; lastKnownFileType = file.xib; path = SearchView.xib; sourceTree = "<group>"; };
		0DB2B779177DAEB70016E212 /* CBEULAViewController.h */ = {isa = PBXFileReference; fileEncoding = 4; lastKnownFileType = sourcecode.c.h; path = CBEULAViewController.h; sourceTree = "<group>"; };
		0DB2B77A177DAEB70016E212 /* CBEULAViewController.m */ = {isa = PBXFileReference; fileEncoding = 4; lastKnownFileType = sourcecode.c.objc; path = CBEULAViewController.m; sourceTree = "<group>"; };
		0DB2B77B177DAEB70016E212 /* CBEULAViewController.xib */ = {isa = PBXFileReference; fileEncoding = 4; lastKnownFileType = file.xib; path = CBEULAViewController.xib; sourceTree = "<group>"; };
		0DB88BA71760BA5800019247 /* SBJson.h */ = {isa = PBXFileReference; fileEncoding = 4; lastKnownFileType = sourcecode.c.h; path = SBJson.h; sourceTree = "<group>"; };
		0DB88BA81760BA5900019247 /* SBJsonParser.h */ = {isa = PBXFileReference; fileEncoding = 4; lastKnownFileType = sourcecode.c.h; path = SBJsonParser.h; sourceTree = "<group>"; };
		0DB88BA91760BA5900019247 /* SBJsonParser.m */ = {isa = PBXFileReference; fileEncoding = 4; lastKnownFileType = sourcecode.c.objc; path = SBJsonParser.m; sourceTree = "<group>"; };
		0DB88BAA1760BA5900019247 /* SBJsonStreamParser.h */ = {isa = PBXFileReference; fileEncoding = 4; lastKnownFileType = sourcecode.c.h; path = SBJsonStreamParser.h; sourceTree = "<group>"; };
		0DB88BAB1760BA5900019247 /* SBJsonStreamParser.m */ = {isa = PBXFileReference; fileEncoding = 4; lastKnownFileType = sourcecode.c.objc; path = SBJsonStreamParser.m; sourceTree = "<group>"; };
		0DB88BAC1760BA5900019247 /* SBJsonStreamParserAccumulator.h */ = {isa = PBXFileReference; fileEncoding = 4; lastKnownFileType = sourcecode.c.h; path = SBJsonStreamParserAccumulator.h; sourceTree = "<group>"; };
		0DB88BAD1760BA5900019247 /* SBJsonStreamParserAccumulator.m */ = {isa = PBXFileReference; fileEncoding = 4; lastKnownFileType = sourcecode.c.objc; path = SBJsonStreamParserAccumulator.m; sourceTree = "<group>"; };
		0DB88BAE1760BA5900019247 /* SBJsonStreamParserAdapter.h */ = {isa = PBXFileReference; fileEncoding = 4; lastKnownFileType = sourcecode.c.h; path = SBJsonStreamParserAdapter.h; sourceTree = "<group>"; };
		0DB88BAF1760BA5900019247 /* SBJsonStreamParserAdapter.m */ = {isa = PBXFileReference; fileEncoding = 4; lastKnownFileType = sourcecode.c.objc; path = SBJsonStreamParserAdapter.m; sourceTree = "<group>"; };
		0DB88BB01760BA5900019247 /* SBJsonStreamParserState.h */ = {isa = PBXFileReference; fileEncoding = 4; lastKnownFileType = sourcecode.c.h; path = SBJsonStreamParserState.h; sourceTree = "<group>"; };
		0DB88BB11760BA5900019247 /* SBJsonStreamParserState.m */ = {isa = PBXFileReference; fileEncoding = 4; lastKnownFileType = sourcecode.c.objc; path = SBJsonStreamParserState.m; sourceTree = "<group>"; };
		0DB88BB21760BA5900019247 /* SBJsonStreamTokeniser.h */ = {isa = PBXFileReference; fileEncoding = 4; lastKnownFileType = sourcecode.c.h; path = SBJsonStreamTokeniser.h; sourceTree = "<group>"; };
		0DB88BB31760BA5900019247 /* SBJsonStreamTokeniser.m */ = {isa = PBXFileReference; fileEncoding = 4; lastKnownFileType = sourcecode.c.objc; path = SBJsonStreamTokeniser.m; sourceTree = "<group>"; };
		0DB88BB41760BA5900019247 /* SBJsonStreamWriter.h */ = {isa = PBXFileReference; fileEncoding = 4; lastKnownFileType = sourcecode.c.h; path = SBJsonStreamWriter.h; sourceTree = "<group>"; };
		0DB88BB51760BA5900019247 /* SBJsonStreamWriter.m */ = {isa = PBXFileReference; fileEncoding = 4; lastKnownFileType = sourcecode.c.objc; path = SBJsonStreamWriter.m; sourceTree = "<group>"; };
		0DB88BB61760BA5900019247 /* SBJsonStreamWriterAccumulator.h */ = {isa = PBXFileReference; fileEncoding = 4; lastKnownFileType = sourcecode.c.h; path = SBJsonStreamWriterAccumulator.h; sourceTree = "<group>"; };
		0DB88BB71760BA5900019247 /* SBJsonStreamWriterAccumulator.m */ = {isa = PBXFileReference; fileEncoding = 4; lastKnownFileType = sourcecode.c.objc; path = SBJsonStreamWriterAccumulator.m; sourceTree = "<group>"; };
		0DB88BB81760BA5900019247 /* SBJsonStreamWriterState.h */ = {isa = PBXFileReference; fileEncoding = 4; lastKnownFileType = sourcecode.c.h; path = SBJsonStreamWriterState.h; sourceTree = "<group>"; };
		0DB88BB91760BA5900019247 /* SBJsonStreamWriterState.m */ = {isa = PBXFileReference; fileEncoding = 4; lastKnownFileType = sourcecode.c.objc; path = SBJsonStreamWriterState.m; sourceTree = "<group>"; };
		0DB88BBA1760BA5900019247 /* SBJsonWriter.h */ = {isa = PBXFileReference; fileEncoding = 4; lastKnownFileType = sourcecode.c.h; path = SBJsonWriter.h; sourceTree = "<group>"; };
		0DB88BBB1760BA5900019247 /* SBJsonWriter.m */ = {isa = PBXFileReference; fileEncoding = 4; lastKnownFileType = sourcecode.c.objc; path = SBJsonWriter.m; sourceTree = "<group>"; };
		12975312DF594FBDA50BAD8D /* libPods.a */ = {isa = PBXFileReference; explicitFileType = archive.ar; includeInIndex = 0; path = libPods.a; sourceTree = BUILT_PRODUCTS_DIR; };
		BEF057EC58104D97A5467736 /* Pods.xcconfig */ = {isa = PBXFileReference; includeInIndex = 1; lastKnownFileType = text.xcconfig; name = Pods.xcconfig; path = Pods/Pods.xcconfig; sourceTree = SOURCE_ROOT; };
/* End PBXFileReference section */

/* Begin PBXFrameworksBuildPhase section */
		0D75A8CA175773B700D401DA /* Frameworks */ = {
			isa = PBXFrameworksBuildPhase;
			buildActionMask = 2147483647;
			files = (
				0D9CD87B1780B8BE00D03FE1 /* MapKit.framework in Frameworks */,
				0D9CD8791780B88600D03FE1 /* ImageIO.framework in Frameworks */,
				0DAEF1D9175F667000C2EBBC /* Security.framework in Frameworks */,
				0DAEF1D7175F666400C2EBBC /* CFNetwork.framework in Frameworks */,
				0DAEF1D5175F665A00C2EBBC /* libicucore.dylib in Frameworks */,
				0D0BF7D6175F4D94000FE0F9 /* MessageUI.framework in Frameworks */,
				0D75A8D1175773B700D401DA /* UIKit.framework in Frameworks */,
				0D75A8D3175773B700D401DA /* Foundation.framework in Frameworks */,
				0D75A8D5175773B700D401DA /* CoreGraphics.framework in Frameworks */,
				2DF7BBA342F04BA19C14CEDB /* libPods.a in Frameworks */,
			);
			runOnlyForDeploymentPostprocessing = 0;
		};
/* End PBXFrameworksBuildPhase section */

/* Begin PBXGroup section */
		0D0BF7D7175F60E1000FE0F9 /* Socket-IO */ = {
			isa = PBXGroup;
			children = (
				0DB88BA71760BA5800019247 /* SBJson.h */,
				0DB88BA81760BA5900019247 /* SBJsonParser.h */,
				0DB88BA91760BA5900019247 /* SBJsonParser.m */,
				0DB88BAA1760BA5900019247 /* SBJsonStreamParser.h */,
				0DB88BAB1760BA5900019247 /* SBJsonStreamParser.m */,
				0DB88BAC1760BA5900019247 /* SBJsonStreamParserAccumulator.h */,
				0DB88BAD1760BA5900019247 /* SBJsonStreamParserAccumulator.m */,
				0DB88BAE1760BA5900019247 /* SBJsonStreamParserAdapter.h */,
				0DB88BAF1760BA5900019247 /* SBJsonStreamParserAdapter.m */,
				0DB88BB01760BA5900019247 /* SBJsonStreamParserState.h */,
				0DB88BB11760BA5900019247 /* SBJsonStreamParserState.m */,
				0DB88BB21760BA5900019247 /* SBJsonStreamTokeniser.h */,
				0DB88BB31760BA5900019247 /* SBJsonStreamTokeniser.m */,
				0DB88BB41760BA5900019247 /* SBJsonStreamWriter.h */,
				0DB88BB51760BA5900019247 /* SBJsonStreamWriter.m */,
				0DB88BB61760BA5900019247 /* SBJsonStreamWriterAccumulator.h */,
				0DB88BB71760BA5900019247 /* SBJsonStreamWriterAccumulator.m */,
				0DB88BB81760BA5900019247 /* SBJsonStreamWriterState.h */,
				0DB88BB91760BA5900019247 /* SBJsonStreamWriterState.m */,
				0DB88BBA1760BA5900019247 /* SBJsonWriter.h */,
				0DB88BBB1760BA5900019247 /* SBJsonWriter.m */,
				0D0BF7E3175F61C2000FE0F9 /* base64.c */,
				0D0BF7E4175F61C2000FE0F9 /* base64.h */,
				0D0BF7E5175F61C2000FE0F9 /* NSData+SRB64Additions.h */,
				0D0BF7E6175F61C2000FE0F9 /* NSData+SRB64Additions.m */,
				0D0BF7E7175F61C2000FE0F9 /* SocketRocket-Prefix.pch */,
				0D0BF7E8175F61C2000FE0F9 /* SRWebSocket.h */,
				0D0BF7E9175F61C2000FE0F9 /* SRWebSocket.m */,
				0D0BF7D8175F616C000FE0F9 /* SocketIO.h */,
				0D0BF7D9175F616C000FE0F9 /* SocketIO.m */,
				0D0BF7DA175F616C000FE0F9 /* SocketIOPacket.h */,
				0D0BF7DB175F616C000FE0F9 /* SocketIOPacket.m */,
				0D0BF7DC175F616C000FE0F9 /* SocketIOJSONSerialization.h */,
				0D0BF7DD175F616C000FE0F9 /* SocketIOJSONSerialization.m */,
				0D0BF7DE175F616C000FE0F9 /* SocketIOTransport.h */,
				0D0BF7DF175F616C000FE0F9 /* SocketIOTransportWebsocket.h */,
				0D0BF7E0175F616C000FE0F9 /* SocketIOTransportWebsocket.m */,
				0D0BF7E1175F616C000FE0F9 /* SocketIOTransportXHR.h */,
				0D0BF7E2175F616C000FE0F9 /* SocketIOTransportXHR.m */,
			);
			name = "Socket-IO";
			path = Messengr;
			sourceTree = "<group>";
		};
		0D75A8C4175773B700D401DA = {
			isa = PBXGroup;
			children = (
				0D9CD87A1780B8BE00D03FE1 /* MapKit.framework */,
				0D9CD8781780B88500D03FE1 /* ImageIO.framework */,
				0DB2B772177CD0510016E212 /* Icon.png */,
				0DB2B770177CD01F0016E212 /* Icon@2x.png */,
				0DAEF1D8175F667000C2EBBC /* Security.framework */,
				0DAEF1D6175F666400C2EBBC /* CFNetwork.framework */,
				0DAEF1D4175F665A00C2EBBC /* libicucore.dylib */,
				0D0BF7D5175F4D94000FE0F9 /* MessageUI.framework */,
				0D9D0BE617594B4E00EF5D4C /* Default-568h@2x.png */,
				0D9D0BE417594B3700EF5D4C /* Default@2x.png */,
				0D9D0BE217594B1700EF5D4C /* Default.png */,
				0D0BF7D7175F60E1000FE0F9 /* Socket-IO */,
				0D75A8D6175773B700D401DA /* Messengr */,
				0D75A8CF175773B700D401DA /* Frameworks */,
				0D75A8CE175773B700D401DA /* Products */,
				BEF057EC58104D97A5467736 /* Pods.xcconfig */,
			);
			sourceTree = "<group>";
		};
		0D75A8CE175773B700D401DA /* Products */ = {
			isa = PBXGroup;
			children = (
				0D75A8CD175773B700D401DA /* Messengr.app */,
			);
			name = Products;
			sourceTree = "<group>";
		};
		0D75A8CF175773B700D401DA /* Frameworks */ = {
			isa = PBXGroup;
			children = (
				0D75A8D0175773B700D401DA /* UIKit.framework */,
				0D75A8D2175773B700D401DA /* Foundation.framework */,
				0D75A8D4175773B700D401DA /* CoreGraphics.framework */,
				12975312DF594FBDA50BAD8D /* libPods.a */,
			);
			name = Frameworks;
			sourceTree = "<group>";
		};
		0D75A8D6175773B700D401DA /* Messengr */ = {
			isa = PBXGroup;
			children = (
				0DB2B76D177A2EE30016E212 /* NSData+Conversion.h */,
				0DB2B76E177A2EE30016E212 /* NSData+Conversion.m */,
				0D9D0BB117583ABF00EF5D4C /* Bubble View */,
				0D75A8DF175773B800D401DA /* CBAppDelegate.h */,
				0D75A8E0175773B800D401DA /* CBAppDelegate.m */,
				0D75A8E8175773B800D401DA /* CBMainViewController.h */,
				0D75A8E9175773B800D401DA /* CBMainViewController.m */,
				0D75A8EE175773B800D401DA /* CBMainViewController.xib */,
				0D9CD8161780523200D03FE1 /* CBContactsViewController.h */,
				0D9CD8171780523200D03FE1 /* CBContactsViewController.m */,
				0D9CD8181780523200D03FE1 /* CBContactsViewController.xib */,
				0D9D0BA117579FF700EF5D4C /* CBPictureCell.h */,
				0D9D0BA217579FF700EF5D4C /* CBPictureCell.m */,
				0D9D0BA41757A1C500EF5D4C /* CBPictureCell.xib */,
				0D75A8EB175773B800D401DA /* CBFlipsideViewController.h */,
				0D75A8EC175773B800D401DA /* CBFlipsideViewController.m */,
				0D9CD81B1780A5E700D03FE1 /* CBAboutViewController.h */,
				0D9CD81C1780A5E700D03FE1 /* CBAboutViewController.m */,
				0D9CD81D1780A5E800D03FE1 /* CBAboutViewController.xib */,
				0D75A8F1175773B800D401DA /* CBFlipsideViewController.xib */,
				0DB2B779177DAEB70016E212 /* CBEULAViewController.h */,
				0DB2B77A177DAEB70016E212 /* CBEULAViewController.m */,
				0DB2B77B177DAEB70016E212 /* CBEULAViewController.xib */,
				0DB2B774177CDE4C0016E212 /* CBSearchViewController.h */,
				0DB2B775177CDE4C0016E212 /* CBSearchViewController.m */,
				0DB2B777177CDE900016E212 /* SearchView.xib */,
				0D9D0BB617583CC300EF5D4C /* CBChatViewController.h */,
				0D9D0BB217583CB200EF5D4C /* CBChatViewController.m */,
				0D9D0BB317583CB200EF5D4C /* CBChatViewController.xib */,
				0D9CD8201780ACEB00D03FE1 /* CodeBeamLogo_Tiny.png */,
				0D75A8D7175773B700D401DA /* Supporting Files */,
			);
			path = Messengr;
			sourceTree = "<group>";
		};
		0D75A8D7175773B700D401DA /* Supporting Files */ = {
			isa = PBXGroup;
			children = (
				0D9CD87E1780CF7400D03FE1 /* logo.png */,
				0D9D0BE8175951D200EF5D4C /* gear.png */,
				0D9D0BE9175951D200EF5D4C /* gear@2x.png */,
				0D9D0BEA175951D200EF5D4C /* group.png */,
				0D9D0BEB175951D200EF5D4C /* group@2x.png */,
				0D75A8D8175773B700D401DA /* Messengr-Info.plist */,
				0D75A8D9175773B800D401DA /* InfoPlist.strings */,
				0D75A8DC175773B800D401DA /* main.m */,
				0D75A8DE175773B800D401DA /* Messengr-Prefix.pch */,
				0D75A8E2175773B800D401DA /* Default.png */,
				0D75A8E4175773B800D401DA /* Default@2x.png */,
				0D75A8E6175773B800D401DA /* Default-568h@2x.png */,
			);
			name = "Supporting Files";
			sourceTree = "<group>";
		};
		0D9D0BB117583ABF00EF5D4C /* Bubble View */ = {
			isa = PBXGroup;
			children = (
				0D75F72317846B6300020675 /* bubbleMine.png */,
				0D75F72417846B6300020675 /* bubbleMine@2x.png */,
				0D9CD84D1780B87300D03FE1 /* MKAnnotationView+WebCache.h */,
				0D9CD84E1780B87300D03FE1 /* MKAnnotationView+WebCache.m */,
				0D9CD84F1780B87300D03FE1 /* NSData+GIF.h */,
				0D9CD8501780B87300D03FE1 /* NSData+GIF.m */,
				0D9CD8511780B87300D03FE1 /* SDImageCache.h */,
				0D9CD8521780B87300D03FE1 /* SDImageCache.m */,
				0D9CD8531780B87300D03FE1 /* SDWebImageCompat.h */,
				0D9CD8541780B87300D03FE1 /* SDWebImageCompat.m */,
				0D9CD8551780B87300D03FE1 /* SDWebImageDecoder.h */,
				0D9CD8561780B87300D03FE1 /* SDWebImageDecoder.m */,
				0D9CD8571780B87300D03FE1 /* SDWebImageDownloader.h */,
				0D9CD8581780B87300D03FE1 /* SDWebImageDownloader.m */,
				0D9CD8591780B87400D03FE1 /* SDWebImageDownloaderOperation.h */,
				0D9CD85A1780B87400D03FE1 /* SDWebImageDownloaderOperation.m */,
				0D9CD85B1780B87400D03FE1 /* SDWebImageManager.h */,
				0D9CD85C1780B87400D03FE1 /* SDWebImageManager.m */,
				0D9CD85D1780B87400D03FE1 /* SDWebImageOperation.h */,
				0D9CD85E1780B87400D03FE1 /* SDWebImagePrefetcher.h */,
				0D9CD85F1780B87400D03FE1 /* SDWebImagePrefetcher.m */,
				0D9CD8601780B87400D03FE1 /* UIButton+WebCache.h */,
				0D9CD8611780B87400D03FE1 /* UIButton+WebCache.m */,
				0D9CD8621780B87400D03FE1 /* UIImage+GIF.h */,
				0D9CD8631780B87400D03FE1 /* UIImage+GIF.m */,
				0D9CD8641780B87500D03FE1 /* UIImage+MultiFormat.h */,
				0D9CD8651780B87500D03FE1 /* UIImage+MultiFormat.m */,
				0D9CD8661780B87500D03FE1 /* UIImage+WebP.h */,
				0D9CD8671780B87500D03FE1 /* UIImage+WebP.m */,
				0D9CD8681780B87500D03FE1 /* UIImageView+WebCache.h */,
				0D9CD8691780B87500D03FE1 /* UIImageView+WebCache.m */,
				0D9D0BBE17583E9B00EF5D4C /* bubbleSomeone.png */,
				0D9D0BBF17583E9B00EF5D4C /* bubbleSomeone@2x.png */,
				0D9D0BC017583E9B00EF5D4C /* missingAvatar.png */,
				0D9D0BC117583E9B00EF5D4C /* missingAvatar@2x.png */,
				0D9D0BC217583E9B00EF5D4C /* typingMine.png */,
				0D9D0BC317583E9B00EF5D4C /* typingMine@2x.png */,
				0D9D0BC417583E9B00EF5D4C /* typingSomeone.png */,
				0D9D0BC517583E9B00EF5D4C /* typingSomeone@2x.png */,
				0D9D0BA617583AB400EF5D4C /* NSBubbleData.h */,
				0D9D0BA717583AB400EF5D4C /* NSBubbleData.m */,
				0D9D0BA817583AB400EF5D4C /* UIBubbleTableView.h */,
				0D9D0BA917583AB400EF5D4C /* UIBubbleTableView.m */,
				0D9D0BAA17583AB400EF5D4C /* UIBubbleTableViewCell.h */,
				0D9D0BAB17583AB500EF5D4C /* UIBubbleTableViewCell.m */,
				0D9D0BAC17583AB500EF5D4C /* UIBubbleHeaderTableViewCell.h */,
				0D9D0BAD17583AB500EF5D4C /* UIBubbleHeaderTableViewCell.m */,
				0D9D0BAE17583AB500EF5D4C /* UIBubbleTypingTableViewCell.h */,
				0D9D0BAF17583AB600EF5D4C /* UIBubbleTypingTableViewCell.m */,
				0D9D0BB017583AB600EF5D4C /* UIBubbleTableViewDataSource.h */,
			);
			name = "Bubble View";
			sourceTree = "<group>";
		};
/* End PBXGroup section */

/* Begin PBXNativeTarget section */
		0D75A8CC175773B700D401DA /* Messengr */ = {
			isa = PBXNativeTarget;
			buildConfigurationList = 0D75A8F6175773B800D401DA /* Build configuration list for PBXNativeTarget "Messengr" */;
			buildPhases = (
				BE4FD4D8CBE644F1A45FB2BA /* Check Pods Manifest.lock */,
				0D75A8C9175773B700D401DA /* Sources */,
				0D75A8CA175773B700D401DA /* Frameworks */,
				0D75A8CB175773B700D401DA /* Resources */,
				B02828E89F574A0AAF2076B9 /* Copy Pods Resources */,
			);
			buildRules = (
			);
			dependencies = (
			);
			name = Messengr;
			productName = Messengr;
			productReference = 0D75A8CD175773B700D401DA /* Messengr.app */;
			productType = "com.apple.product-type.application";
		};
/* End PBXNativeTarget section */

/* Begin PBXProject section */
		0D75A8C5175773B700D401DA /* Project object */ = {
			isa = PBXProject;
			attributes = {
				CLASSPREFIX = CB;
				LastUpgradeCheck = 0460;
				ORGANIZATIONNAME = "Adrian Sarli";
			};
			buildConfigurationList = 0D75A8C8175773B700D401DA /* Build configuration list for PBXProject "Messengr" */;
			compatibilityVersion = "Xcode 3.2";
			developmentRegion = English;
			hasScannedForEncodings = 0;
			knownRegions = (
				en,
			);
			mainGroup = 0D75A8C4175773B700D401DA;
			productRefGroup = 0D75A8CE175773B700D401DA /* Products */;
			projectDirPath = "";
			projectRoot = "";
			targets = (
				0D75A8CC175773B700D401DA /* Messengr */,
			);
		};
/* End PBXProject section */

/* Begin PBXResourcesBuildPhase section */
		0D75A8CB175773B700D401DA /* Resources */ = {
			isa = PBXResourcesBuildPhase;
			buildActionMask = 2147483647;
			files = (
				0D75A8DB175773B800D401DA /* InfoPlist.strings in Resources */,
				0D75A8E3175773B800D401DA /* Default.png in Resources */,
				0D75A8E7175773B800D401DA /* Default-568h@2x.png in Resources */,
				0D75A8F0175773B800D401DA /* CBMainViewController.xib in Resources */,
				0D75A8F3175773B800D401DA /* CBFlipsideViewController.xib in Resources */,
				0D9D0BA51757A1C500EF5D4C /* CBPictureCell.xib in Resources */,
				0D9D0BB517583CB200EF5D4C /* CBChatViewController.xib in Resources */,
				0D9D0BC817583E9B00EF5D4C /* bubbleSomeone.png in Resources */,
				0D9D0BC917583E9B00EF5D4C /* bubbleSomeone@2x.png in Resources */,
				0D9D0BCA17583E9B00EF5D4C /* missingAvatar.png in Resources */,
				0D9D0BCB17583E9B00EF5D4C /* missingAvatar@2x.png in Resources */,
				0D9D0BCC17583E9B00EF5D4C /* typingMine.png in Resources */,
				0D9D0BCD17583E9B00EF5D4C /* typingMine@2x.png in Resources */,
				0D9D0BCE17583E9B00EF5D4C /* typingSomeone.png in Resources */,
				0D9D0BCF17583E9B00EF5D4C /* typingSomeone@2x.png in Resources */,
				0D9D0BE317594B1700EF5D4C /* Default.png in Resources */,
				0D9D0BE517594B3800EF5D4C /* Default@2x.png in Resources */,
				0D9D0BE717594B4E00EF5D4C /* Default-568h@2x.png in Resources */,
				0D9D0BEC175951D200EF5D4C /* gear.png in Resources */,
				0D9D0BED175951D200EF5D4C /* gear@2x.png in Resources */,
				0D9D0BEE175951D200EF5D4C /* group.png in Resources */,
				0D9D0BEF175951D200EF5D4C /* group@2x.png in Resources */,
				0DB2B771177CD01F0016E212 /* Icon@2x.png in Resources */,
				0DB2B773177CD0510016E212 /* Icon.png in Resources */,
				0DB2B778177CDE900016E212 /* SearchView.xib in Resources */,
				0DB2B77D177DAEB80016E212 /* CBEULAViewController.xib in Resources */,
				0D9CD81A1780523200D03FE1 /* CBContactsViewController.xib in Resources */,
				0D9CD81F1780A5E800D03FE1 /* CBAboutViewController.xib in Resources */,
				0D9CD8211780ACEB00D03FE1 /* CodeBeamLogo_Tiny.png in Resources */,
				0D9CD87F1780CF7400D03FE1 /* logo.png in Resources */,
				0D75F72517846B6400020675 /* bubbleMine.png in Resources */,
				0D75F72617846B6400020675 /* bubbleMine@2x.png in Resources */,
			);
			runOnlyForDeploymentPostprocessing = 0;
		};
/* End PBXResourcesBuildPhase section */

/* Begin PBXShellScriptBuildPhase section */
		B02828E89F574A0AAF2076B9 /* Copy Pods Resources */ = {
			isa = PBXShellScriptBuildPhase;
			buildActionMask = 2147483647;
			files = (
			);
			inputPaths = (
			);
			name = "Copy Pods Resources";
			outputPaths = (
			);
			runOnlyForDeploymentPostprocessing = 0;
			shellPath = /bin/sh;
			shellScript = "\"${SRCROOT}/Pods/Pods-resources.sh\"\n";
		};
		BE4FD4D8CBE644F1A45FB2BA /* Check Pods Manifest.lock */ = {
			isa = PBXShellScriptBuildPhase;
			buildActionMask = 2147483647;
			files = (
			);
			inputPaths = (
			);
			name = "Check Pods Manifest.lock";
			outputPaths = (
			);
			runOnlyForDeploymentPostprocessing = 0;
			shellPath = /bin/sh;
			shellScript = "diff \"${PODS_ROOT}/../Podfile.lock\" \"${PODS_ROOT}/Manifest.lock\" > /dev/null\nif [[ $? != 0 ]] ; then\n    cat << EOM\nerror: The sandbox is not in sync with the Podfile.lock. Run 'pod install' or update your CocoaPods installation.\nEOM\n    exit 1\nfi\n";
		};
/* End PBXShellScriptBuildPhase section */

/* Begin PBXSourcesBuildPhase section */
		0D75A8C9175773B700D401DA /* Sources */ = {
			isa = PBXSourcesBuildPhase;
			buildActionMask = 2147483647;
			files = (
				0DAEF1C2175F653200C2EBBC /* base64.c in Sources */,
				0DAEF1C3175F653200C2EBBC /* NSData+SRB64Additions.m in Sources */,
				0DAEF1C4175F653200C2EBBC /* SRWebSocket.m in Sources */,
				0DAEF1C5175F653200C2EBBC /* SocketIO.m in Sources */,
				0DAEF1C6175F653200C2EBBC /* SocketIOPacket.m in Sources */,
				0DAEF1C7175F653200C2EBBC /* SocketIOJSONSerialization.m in Sources */,
				0DAEF1C8175F653200C2EBBC /* SocketIOTransportWebsocket.m in Sources */,
				0DAEF1C9175F653200C2EBBC /* SocketIOTransportXHR.m in Sources */,
				0DAEF1CA175F658400C2EBBC /* NSBubbleData.m in Sources */,
				0DAEF1CB175F658400C2EBBC /* UIBubbleTableView.m in Sources */,
				0DAEF1CC175F658400C2EBBC /* UIBubbleTableViewCell.m in Sources */,
				0DAEF1CD175F658400C2EBBC /* UIBubbleHeaderTableViewCell.m in Sources */,
				0DAEF1CE175F658400C2EBBC /* UIBubbleTypingTableViewCell.m in Sources */,
				0DAEF1CF175F659100C2EBBC /* CBAppDelegate.m in Sources */,
				0DAEF1D0175F659100C2EBBC /* CBMainViewController.m in Sources */,
				0DAEF1D1175F659100C2EBBC /* CBPictureCell.m in Sources */,
				0DAEF1DA175F66D900C2EBBC /* main.m in Sources */,
				0DAEF1D2175F659100C2EBBC /* CBFlipsideViewController.m in Sources */,
				0DAEF1D3175F659100C2EBBC /* CBChatViewController.m in Sources */,
				0DB88BBC1760BA5900019247 /* SBJsonParser.m in Sources */,
				0DB88BBD1760BA5900019247 /* SBJsonStreamParser.m in Sources */,
				0DB88BBE1760BA5900019247 /* SBJsonStreamParserAccumulator.m in Sources */,
				0DB88BBF1760BA5900019247 /* SBJsonStreamParserAdapter.m in Sources */,
				0DB88BC01760BA5900019247 /* SBJsonStreamParserState.m in Sources */,
				0DB88BC11760BA5900019247 /* SBJsonStreamTokeniser.m in Sources */,
				0DB88BC21760BA5900019247 /* SBJsonStreamWriter.m in Sources */,
				0DB88BC31760BA5900019247 /* SBJsonStreamWriterAccumulator.m in Sources */,
				0DB88BC41760BA5900019247 /* SBJsonStreamWriterState.m in Sources */,
				0DB88BC51760BA5900019247 /* SBJsonWriter.m in Sources */,
				0DB2B76F177A2EE30016E212 /* NSData+Conversion.m in Sources */,
				0DB2B776177CDE4C0016E212 /* CBSearchViewController.m in Sources */,
				0DB2B77C177DAEB80016E212 /* CBEULAViewController.m in Sources */,
				0D9CD8191780523200D03FE1 /* CBContactsViewController.m in Sources */,
				0D9CD81E1780A5E800D03FE1 /* CBAboutViewController.m in Sources */,
				0D9CD86A1780B87500D03FE1 /* MKAnnotationView+WebCache.m in Sources */,
				0D9CD86B1780B87500D03FE1 /* NSData+GIF.m in Sources */,
				0D9CD86C1780B87500D03FE1 /* SDImageCache.m in Sources */,
				0D9CD86D1780B87500D03FE1 /* SDWebImageCompat.m in Sources */,
				0D9CD86E1780B87500D03FE1 /* SDWebImageDecoder.m in Sources */,
				0D9CD86F1780B87500D03FE1 /* SDWebImageDownloader.m in Sources */,
				0D9CD8701780B87500D03FE1 /* SDWebImageDownloaderOperation.m in Sources */,
				0D9CD8711780B87500D03FE1 /* SDWebImageManager.m in Sources */,
				0D9CD8721780B87500D03FE1 /* SDWebImagePrefetcher.m in Sources */,
				0D9CD8731780B87500D03FE1 /* UIButton+WebCache.m in Sources */,
				0D9CD8741780B87500D03FE1 /* UIImage+GIF.m in Sources */,
				0D9CD8751780B87500D03FE1 /* UIImage+MultiFormat.m in Sources */,
				0D9CD8761780B87500D03FE1 /* UIImage+WebP.m in Sources */,
				0D9CD8771780B87500D03FE1 /* UIImageView+WebCache.m in Sources */,
			);
			runOnlyForDeploymentPostprocessing = 0;
		};
/* End PBXSourcesBuildPhase section */

/* Begin PBXVariantGroup section */
		0D75A8D9175773B800D401DA /* InfoPlist.strings */ = {
			isa = PBXVariantGroup;
			children = (
				0D75A8DA175773B800D401DA /* en */,
			);
			name = InfoPlist.strings;
			sourceTree = "<group>";
		};
		0D75A8EE175773B800D401DA /* CBMainViewController.xib */ = {
			isa = PBXVariantGroup;
			children = (
				0D75A8EF175773B800D401DA /* en */,
			);
			name = CBMainViewController.xib;
			sourceTree = "<group>";
		};
		0D75A8F1175773B800D401DA /* CBFlipsideViewController.xib */ = {
			isa = PBXVariantGroup;
			children = (
				0D75A8F2175773B800D401DA /* en */,
			);
			name = CBFlipsideViewController.xib;
			sourceTree = "<group>";
		};
/* End PBXVariantGroup section */

/* Begin XCBuildConfiguration section */
		0D75A8F4175773B800D401DA /* Debug */ = {
			isa = XCBuildConfiguration;
			buildSettings = {
				ALWAYS_SEARCH_USER_PATHS = NO;
				CLANG_CXX_LANGUAGE_STANDARD = "gnu++0x";
				CLANG_CXX_LIBRARY = "libc++";
				CLANG_ENABLE_OBJC_ARC = YES;
				CLANG_WARN_CONSTANT_CONVERSION = YES;
				CLANG_WARN_EMPTY_BODY = YES;
				CLANG_WARN_ENUM_CONVERSION = YES;
				CLANG_WARN_INT_CONVERSION = YES;
				CLANG_WARN__DUPLICATE_METHOD_MATCH = YES;
				CODE_SIGN_IDENTITY = "iPhone Developer";
				"CODE_SIGN_IDENTITY[sdk=iphoneos*]" = "iPhone Developer";
				COPY_PHASE_STRIP = NO;
				GCC_C_LANGUAGE_STANDARD = gnu99;
				GCC_DYNAMIC_NO_PIC = NO;
				GCC_OPTIMIZATION_LEVEL = 0;
				GCC_PREPROCESSOR_DEFINITIONS = (
					"DEBUG=1",
					"$(inherited)",
				);
				GCC_SYMBOLS_PRIVATE_EXTERN = NO;
				GCC_WARN_ABOUT_RETURN_TYPE = YES;
				GCC_WARN_UNINITIALIZED_AUTOS = YES;
				GCC_WARN_UNUSED_VARIABLE = YES;
				IPHONEOS_DEPLOYMENT_TARGET = 6.1;
				ONLY_ACTIVE_ARCH = YES;
				PROVISIONING_PROFILE = "";
				"PROVISIONING_PROFILE[sdk=iphoneos*]" = "";
				SDKROOT = iphoneos;
			};
			name = Debug;
		};
		0D75A8F5175773B800D401DA /* Release */ = {
			isa = XCBuildConfiguration;
			buildSettings = {
				ALWAYS_SEARCH_USER_PATHS = NO;
				CLANG_CXX_LANGUAGE_STANDARD = "gnu++0x";
				CLANG_CXX_LIBRARY = "libc++";
				CLANG_ENABLE_OBJC_ARC = YES;
				CLANG_WARN_CONSTANT_CONVERSION = YES;
				CLANG_WARN_EMPTY_BODY = YES;
				CLANG_WARN_ENUM_CONVERSION = YES;
				CLANG_WARN_INT_CONVERSION = YES;
				CLANG_WARN__DUPLICATE_METHOD_MATCH = YES;
				CODE_SIGN_IDENTITY = "iPhone Developer";
				"CODE_SIGN_IDENTITY[sdk=iphoneos*]" = "iPhone Developer";
				COPY_PHASE_STRIP = YES;
				GCC_C_LANGUAGE_STANDARD = gnu99;
				GCC_WARN_ABOUT_RETURN_TYPE = YES;
				GCC_WARN_UNINITIALIZED_AUTOS = YES;
				GCC_WARN_UNUSED_VARIABLE = YES;
				IPHONEOS_DEPLOYMENT_TARGET = 6.1;
				OTHER_CFLAGS = "-DNS_BLOCK_ASSERTIONS=1";
				PROVISIONING_PROFILE = "";
				"PROVISIONING_PROFILE[sdk=iphoneos*]" = "";
				SDKROOT = iphoneos;
				VALIDATE_PRODUCT = YES;
			};
			name = Release;
		};
		0D75A8F7175773B800D401DA /* Debug */ = {
			isa = XCBuildConfiguration;
			baseConfigurationReference = BEF057EC58104D97A5467736 /* Pods.xcconfig */;
			buildSettings = {
				GCC_PRECOMPILE_PREFIX_HEADER = YES;
				GCC_PREFIX_HEADER = "Messengr/Messengr-Prefix.pch";
				INFOPLIST_FILE = "Messengr/Messengr-Info.plist";
				IPHONEOS_DEPLOYMENT_TARGET = 5.0;
				PRODUCT_NAME = "$(TARGET_NAME)";
				WRAPPER_EXTENSION = app;
			};
			name = Debug;
		};
		0D75A8F8175773B800D401DA /* Release */ = {
			isa = XCBuildConfiguration;
			baseConfigurationReference = BEF057EC58104D97A5467736 /* Pods.xcconfig */;
			buildSettings = {
				GCC_PRECOMPILE_PREFIX_HEADER = YES;
				GCC_PREFIX_HEADER = "Messengr/Messengr-Prefix.pch";
				INFOPLIST_FILE = "Messengr/Messengr-Info.plist";
				IPHONEOS_DEPLOYMENT_TARGET = 5.0;
				PRODUCT_NAME = "$(TARGET_NAME)";
				WRAPPER_EXTENSION = app;
			};
			name = Release;
		};
/* End XCBuildConfiguration section */

/* Begin XCConfigurationList section */
		0D75A8C8175773B700D401DA /* Build configuration list for PBXProject "Messengr" */ = {
			isa = XCConfigurationList;
			buildConfigurations = (
				0D75A8F4175773B800D401DA /* Debug */,
				0D75A8F5175773B800D401DA /* Release */,
			);
			defaultConfigurationIsVisible = 0;
			defaultConfigurationName = Release;
		};
		0D75A8F6175773B800D401DA /* Build configuration list for PBXNativeTarget "Messengr" */ = {
			isa = XCConfigurationList;
			buildConfigurations = (
				0D75A8F7175773B800D401DA /* Debug */,
				0D75A8F8175773B800D401DA /* Release */,
			);
			defaultConfigurationIsVisible = 0;
			defaultConfigurationName = Release;
		};
/* End XCConfigurationList section */
	};
	rootObject = 0D75A8C5175773B700D401DA /* Project object */;
}
